
Microsoft Visual Studio Solution File, Format Version 12.00
# Visual Studio 15
VisualStudioVersion = 15.0.27703.2035
MinimumVisualStudioVersion = 10.0.40219.1
Project("{FAE04EC0-301F-11D3-BF4B-00C04F79EFBC}") = "LabOne2", "LabOne2\LabOne2.csproj", "{3957B2D5-CDDB-4CC8-BF81-3D855260E07B}"
EndProject
Global
	GlobalSection(SolutionConfigurationPlatforms) = preSolution
		Debug|Any CPU = Debug|Any CPU
		Release|Any CPU = Release|Any CPU
	EndGlobalSection
	GlobalSection(ProjectConfigurationPlatforms) = postSolution
		{3957B2D5-CDDB-4CC8-BF81-3D855260E07B}.Debug|Any CPU.ActiveCfg = Debug|Any CPU
		{3957B2D5-CDDB-4CC8-BF81-3D855260E07B}.Debug|Any CPU.Build.0 = Debug|Any CPU
		{3957B2D5-CDDB-4CC8-BF81-3D855260E07B}.Release|Any CPU.ActiveCfg = Release|Any CPU
		{3957B2D5-CDDB-4CC8-BF81-3D855260E07B}.Release|Any CPU.Build.0 = Release|Any CPU
	EndGlobalSection
	GlobalSection(SolutionProperties) = preSolution
		HideSolutionNode = FALSE
	EndGlobalSection
	GlobalSection(ExtensibilityGlobals) = postSolution
		SolutionGuid = {6EDD7883-EA63-4479-B269-3C72B17D2E57}
	EndGlobalSection
EndGlobal
